
Microsoft Visual Studio Solution File, Format Version 12.00
# Visual Studio Version 17
VisualStudioVersion = 17.3.32901.215
MinimumVisualStudioVersion = 10.0.40219.1
Project("{FAE04EC0-301F-11D3-BF4B-00C04F79EFBC}") = "Sayfa 90", "Sayfa 90\Sayfa 90.csproj", "{D9999FE8-E827-43CD-BE1D-50E7A3DE676A}"
EndProject
Global
	GlobalSection(SolutionConfigurationPlatforms) = preSolution
		Debug|Any CPU = Debug|Any CPU
		Release|Any CPU = Release|Any CPU
	EndGlobalSection
	GlobalSection(ProjectConfigurationPlatforms) = postSolution
		{D9999FE8-E827-43CD-BE1D-50E7A3DE676A}.Debug|Any CPU.ActiveCfg = Debug|Any CPU
		{D9999FE8-E827-43CD-BE1D-50E7A3DE676A}.Debug|Any CPU.Build.0 = Debug|Any CPU
		{D9999FE8-E827-43CD-BE1D-50E7A3DE676A}.Release|Any CPU.ActiveCfg = Release|Any CPU
		{D9999FE8-E827-43CD-BE1D-50E7A3DE676A}.Release|Any CPU.Build.0 = Release|Any CPU
	EndGlobalSection
	GlobalSection(SolutionProperties) = preSolution
		HideSolutionNode = FALSE
	EndGlobalSection
	GlobalSection(ExtensibilityGlobals) = postSolution
		SolutionGuid = {7E36BB5B-E090-4281-9384-3AE7E59A01FF}
	EndGlobalSection
EndGlobal
