
Microsoft Visual Studio Solution File, Format Version 12.00
# Visual Studio Version 17
VisualStudioVersion = 17.3.32901.215
MinimumVisualStudioVersion = 10.0.40219.1
Project("{FAE04EC0-301F-11D3-BF4B-00C04F79EFBC}") = "Sayfa 87 Ödev", "Sayfa 87 Ödev\Sayfa 87 Ödev.csproj", "{4E190320-B8D6-4942-860B-80C64A4E601B}"
EndProject
Global
	GlobalSection(SolutionConfigurationPlatforms) = preSolution
		Debug|Any CPU = Debug|Any CPU
		Release|Any CPU = Release|Any CPU
	EndGlobalSection
	GlobalSection(ProjectConfigurationPlatforms) = postSolution
		{4E190320-B8D6-4942-860B-80C64A4E601B}.Debug|Any CPU.ActiveCfg = Debug|Any CPU
		{4E190320-B8D6-4942-860B-80C64A4E601B}.Debug|Any CPU.Build.0 = Debug|Any CPU
		{4E190320-B8D6-4942-860B-80C64A4E601B}.Release|Any CPU.ActiveCfg = Release|Any CPU
		{4E190320-B8D6-4942-860B-80C64A4E601B}.Release|Any CPU.Build.0 = Release|Any CPU
	EndGlobalSection
	GlobalSection(SolutionProperties) = preSolution
		HideSolutionNode = FALSE
	EndGlobalSection
	GlobalSection(ExtensibilityGlobals) = postSolution
		SolutionGuid = {378A6071-18C8-435D-B177-D3370F65FD68}
	EndGlobalSection
EndGlobal
