
Microsoft Visual Studio Solution File, Format Version 12.00
# Visual Studio Version 17
VisualStudioVersion = 17.3.32901.215
MinimumVisualStudioVersion = 10.0.40219.1
Project("{FAE04EC0-301F-11D3-BF4B-00C04F79EFBC}") = "SayıSayma", "SayıSayma\SayıSayma.csproj", "{472B3BCE-DE20-4D8F-9AC6-24FBDD7BFAB7}"
EndProject
Global
	GlobalSection(SolutionConfigurationPlatforms) = preSolution
		Debug|Any CPU = Debug|Any CPU
		Release|Any CPU = Release|Any CPU
	EndGlobalSection
	GlobalSection(ProjectConfigurationPlatforms) = postSolution
		{472B3BCE-DE20-4D8F-9AC6-24FBDD7BFAB7}.Debug|Any CPU.ActiveCfg = Debug|Any CPU
		{472B3BCE-DE20-4D8F-9AC6-24FBDD7BFAB7}.Debug|Any CPU.Build.0 = Debug|Any CPU
		{472B3BCE-DE20-4D8F-9AC6-24FBDD7BFAB7}.Release|Any CPU.ActiveCfg = Release|Any CPU
		{472B3BCE-DE20-4D8F-9AC6-24FBDD7BFAB7}.Release|Any CPU.Build.0 = Release|Any CPU
	EndGlobalSection
	GlobalSection(SolutionProperties) = preSolution
		HideSolutionNode = FALSE
	EndGlobalSection
	GlobalSection(ExtensibilityGlobals) = postSolution
		SolutionGuid = {F372DE5F-77BB-477E-B609-79C5F12B51AB}
	EndGlobalSection
EndGlobal
